// !$*UTF8*$!
{
	archiveVersion = 1;
	classes = {
	};
	objectVersion = 46;
	objects = {

/* Begin PBXBuildFile section */
		CD7B6E0B17294E3C003982A5 /* UIKit.framework in Frameworks */ = {isa = PBXBuildFile; fileRef = CD7B6E0A17294E3C003982A5 /* UIKit.framework */; };
		CD7B6E0D17294E3C003982A5 /* Foundation.framework in Frameworks */ = {isa = PBXBuildFile; fileRef = CD7B6E0C17294E3C003982A5 /* Foundation.framework */; };
		CD7B6E0F17294E3C003982A5 /* CoreGraphics.framework in Frameworks */ = {isa = PBXBuildFile; fileRef = CD7B6E0E17294E3C003982A5 /* CoreGraphics.framework */; };
		CD7B6E1517294E3C003982A5 /* InfoPlist.strings in Resources */ = {isa = PBXBuildFile; fileRef = CD7B6E1317294E3C003982A5 /* InfoPlist.strings */; };
		CD7B6E1717294E3C003982A5 /* main.m in Sources */ = {isa = PBXBuildFile; fileRef = CD7B6E1617294E3C003982A5 /* main.m */; };
		CD7B6E1B17294E3C003982A5 /* AppDelegate.m in Sources */ = {isa = PBXBuildFile; fileRef = CD7B6E1A17294E3C003982A5 /* AppDelegate.m */; };
		CD7B6E1D17294E3C003982A5 /* Default.png in Resources */ = {isa = PBXBuildFile; fileRef = CD7B6E1C17294E3C003982A5 /* Default.png */; };
		CD7B6E1F17294E3C003982A5 /* Default@2x.png in Resources */ = {isa = PBXBuildFile; fileRef = CD7B6E1E17294E3C003982A5 /* Default@2x.png */; };
		CD7B6E2117294E3C003982A5 /* Default-568h@2x.png in Resources */ = {isa = PBXBuildFile; fileRef = CD7B6E2017294E3C003982A5 /* Default-568h@2x.png */; };
		CD7B6E2417294E3C003982A5 /* ViewController.m in Sources */ = {isa = PBXBuildFile; fileRef = CD7B6E2317294E3C003982A5 /* ViewController.m */; };
		CD7B6E2717294E3C003982A5 /* ViewController_iPhone.xib in Resources */ = {isa = PBXBuildFile; fileRef = CD7B6E2517294E3C003982A5 /* ViewController_iPhone.xib */; };
		CD7B6E2A17294E3C003982A5 /* ViewController_iPad.xib in Resources */ = {isa = PBXBuildFile; fileRef = CD7B6E2817294E3C003982A5 /* ViewController_iPad.xib */; };
		CD7B6E32172968DE003982A5 /* File in Resources */ = {isa = PBXBuildFile; fileRef = CD7B6E31172968DE003982A5 /* File */; };
		CD7B6E3417296920003982A5 /* Car.html in Resources */ = {isa = PBXBuildFile; fileRef = CD7B6E3317296920003982A5 /* Car.html */; };
/* End PBXBuildFile section */

/* Begin PBXFileReference section */
		CD7B6E0717294E3C003982A5 /* DemoUiViewController.app */ = {isa = PBXFileReference; explicitFileType = wrapper.application; includeInIndex = 0; path = DemoUiViewController.app; sourceTree = BUILT_PRODUCTS_DIR; };
		CD7B6E0A17294E3C003982A5 /* UIKit.framework */ = {isa = PBXFileReference; lastKnownFileType = wrapper.framework; name = UIKit.framework; path = System/Library/Frameworks/UIKit.framework; sourceTree = SDKROOT; };
		CD7B6E0C17294E3C003982A5 /* Foundation.framework */ = {isa = PBXFileReference; lastKnownFileType = wrapper.framework; name = Foundation.framework; path = System/Library/Frameworks/Foundation.framework; sourceTree = SDKROOT; };
		CD7B6E0E17294E3C003982A5 /* CoreGraphics.framework */ = {isa = PBXFileReference; lastKnownFileType = wrapper.framework; name = CoreGraphics.framework; path = System/Library/Frameworks/CoreGraphics.framework; sourceTree = SDKROOT; };
		CD7B6E1217294E3C003982A5 /* DemoUiViewController-Info.plist */ = {isa = PBXFileReference; lastKnownFileType = text.plist.xml; path = "DemoUiViewController-Info.plist"; sourceTree = "<group>"; };
		CD7B6E1417294E3C003982A5 /* en */ = {isa = PBXFileReference; lastKnownFileType = text.plist.strings; name = en; path = en.lproj/InfoPlist.strings; sourceTree = "<group>"; };
		CD7B6E1617294E3C003982A5 /* main.m */ = {isa = PBXFileReference; lastKnownFileType = sourcecode.c.objc; path = main.m; sourceTree = "<group>"; };
		CD7B6E1817294E3C003982A5 /* DemoUiViewController-Prefix.pch */ = {isa = PBXFileReference; lastKnownFileType = sourcecode.c.h; path = "DemoUiViewController-Prefix.pch"; sourceTree = "<group>"; };
		CD7B6E1917294E3C003982A5 /* AppDelegate.h */ = {isa = PBXFileReference; lastKnownFileType = sourcecode.c.h; path = AppDelegate.h; sourceTree = "<group>"; };
		CD7B6E1A17294E3C003982A5 /* AppDelegate.m */ = {isa = PBXFileReference; lastKnownFileType = sourcecode.c.objc; path = AppDelegate.m; sourceTree = "<group>"; };
		CD7B6E1C17294E3C003982A5 /* Default.png */ = {isa = PBXFileReference; lastKnownFileType = image.png; path = Default.png; sourceTree = "<group>"; };
		CD7B6E1E17294E3C003982A5 /* Default@2x.png */ = {isa = PBXFileReference; lastKnownFileType = image.png; path = "Default@2x.png"; sourceTree = "<group>"; };
		CD7B6E2017294E3C003982A5 /* Default-568h@2x.png */ = {isa = PBXFileReference; lastKnownFileType = image.png; path = "Default-568h@2x.png"; sourceTree = "<group>"; };
		CD7B6E2217294E3C003982A5 /* ViewController.h */ = {isa = PBXFileReference; lastKnownFileType = sourcecode.c.h; path = ViewController.h; sourceTree = "<group>"; };
		CD7B6E2317294E3C003982A5 /* ViewController.m */ = {isa = PBXFileReference; lastKnownFileType = sourcecode.c.objc; path = ViewController.m; sourceTree = "<group>"; };
		CD7B6E2617294E3C003982A5 /* en */ = {isa = PBXFileReference; lastKnownFileType = file.xib; name = en; path = en.lproj/ViewController_iPhone.xib; sourceTree = "<group>"; };
		CD7B6E2917294E3C003982A5 /* en */ = {isa = PBXFileReference; lastKnownFileType = file.xib; name = en; path = en.lproj/ViewController_iPad.xib; sourceTree = "<group>"; };
		CD7B6E31172968DE003982A5 /* File */ = {isa = PBXFileReference; fileEncoding = 4; lastKnownFileType = text; path = File; sourceTree = "<group>"; };
		CD7B6E3317296920003982A5 /* Car.html */ = {isa = PBXFileReference; fileEncoding = 4; lastKnownFileType = text.html; path = Car.html; sourceTree = "<group>"; };
/* End PBXFileReference section */

/* Begin PBXFrameworksBuildPhase section */
		CD7B6E0417294E3C003982A5 /* Frameworks */ = {
			isa = PBXFrameworksBuildPhase;
			buildActionMask = 2147483647;
			files = (
				CD7B6E0B17294E3C003982A5 /* UIKit.framework in Frameworks */,
				CD7B6E0D17294E3C003982A5 /* Foundation.framework in Frameworks */,
				CD7B6E0F17294E3C003982A5 /* CoreGraphics.framework in Frameworks */,
			);
			runOnlyForDeploymentPostprocessing = 0;
		};
/* End PBXFrameworksBuildPhase section */

/* Begin PBXGroup section */
		CD7B6DFE17294E3C003982A5 = {
			isa = PBXGroup;
			children = (
				CD7B6E1017294E3C003982A5 /* DemoUiViewController */,
				CD7B6E0917294E3C003982A5 /* Frameworks */,
				CD7B6E0817294E3C003982A5 /* Products */,
			);
			sourceTree = "<group>";
		};
		CD7B6E0817294E3C003982A5 /* Products */ = {
			isa = PBXGroup;
			children = (
				CD7B6E0717294E3C003982A5 /* DemoUiViewController.app */,
			);
			name = Products;
			sourceTree = "<group>";
		};
		CD7B6E0917294E3C003982A5 /* Frameworks */ = {
			isa = PBXGroup;
			children = (
				CD7B6E0A17294E3C003982A5 /* UIKit.framework */,
				CD7B6E0C17294E3C003982A5 /* Foundation.framework */,
				CD7B6E0E17294E3C003982A5 /* CoreGraphics.framework */,
			);
			name = Frameworks;
			sourceTree = "<group>";
		};
		CD7B6E1017294E3C003982A5 /* DemoUiViewController */ = {
			isa = PBXGroup;
			children = (
				CD7B6E1917294E3C003982A5 /* AppDelegate.h */,
				CD7B6E1A17294E3C003982A5 /* AppDelegate.m */,
				CD7B6E2217294E3C003982A5 /* ViewController.h */,
				CD7B6E2317294E3C003982A5 /* ViewController.m */,
				CD7B6E2517294E3C003982A5 /* ViewController_iPhone.xib */,
				CD7B6E2817294E3C003982A5 /* ViewController_iPad.xib */,
				CD7B6E30172968A0003982A5 /* LocalHTML */,
				CD7B6E1117294E3C003982A5 /* Supporting Files */,
			);
			path = DemoUiViewController;
			sourceTree = "<group>";
		};
		CD7B6E1117294E3C003982A5 /* Supporting Files */ = {
			isa = PBXGroup;
			children = (
				CD7B6E1217294E3C003982A5 /* DemoUiViewController-Info.plist */,
				CD7B6E1317294E3C003982A5 /* InfoPlist.strings */,
				CD7B6E1617294E3C003982A5 /* main.m */,
				CD7B6E1817294E3C003982A5 /* DemoUiViewController-Prefix.pch */,
				CD7B6E1C17294E3C003982A5 /* Default.png */,
				CD7B6E1E17294E3C003982A5 /* Default@2x.png */,
				CD7B6E2017294E3C003982A5 /* Default-568h@2x.png */,
			);
			name = "Supporting Files";
			sourceTree = "<group>";
		};
		CD7B6E30172968A0003982A5 /* LocalHTML */ = {
			isa = PBXGroup;
			children = (
				CD7B6E3317296920003982A5 /* Car.html */,
				CD7B6E31172968DE003982A5 /* File */,
			);
			name = LocalHTML;
			sourceTree = "<group>";
		};
/* End PBXGroup section */

/* Begin PBXNativeTarget section */
		CD7B6E0617294E3C003982A5 /* DemoUiViewController */ = {
			isa = PBXNativeTarget;
			buildConfigurationList = CD7B6E2D17294E3C003982A5 /* Build configuration list for PBXNativeTarget "DemoUiViewController" */;
			buildPhases = (
				CD7B6E0317294E3C003982A5 /* Sources */,
				CD7B6E0417294E3C003982A5 /* Frameworks */,
				CD7B6E0517294E3C003982A5 /* Resources */,
			);
			buildRules = (
			);
			dependencies = (
			);
			name = DemoUiViewController;
			productName = DemoUiViewController;
			productReference = CD7B6E0717294E3C003982A5 /* DemoUiViewController.app */;
			productType = "com.apple.product-type.application";
		};
/* End PBXNativeTarget section */

/* Begin PBXProject section */
		CD7B6DFF17294E3C003982A5 /* Project object */ = {
			isa = PBXProject;
			attributes = {
				LastUpgradeCheck = 0460;
				ORGANIZATIONNAME = ios12;
			};
			buildConfigurationList = CD7B6E0217294E3C003982A5 /* Build configuration list for PBXProject "DemoUiViewController" */;
			compatibilityVersion = "Xcode 3.2";
			developmentRegion = English;
			hasScannedForEncodings = 0;
			knownRegions = (
				en,
			);
			mainGroup = CD7B6DFE17294E3C003982A5;
			productRefGroup = CD7B6E0817294E3C003982A5 /* Products */;
			projectDirPath = "";
			projectRoot = "";
			targets = (
				CD7B6E0617294E3C003982A5 /* DemoUiViewController */,
			);
		};
/* End PBXProject section */

/* Begin PBXResourcesBuildPhase section */
		CD7B6E0517294E3C003982A5 /* Resources */ = {
			isa = PBXResourcesBuildPhase;
			buildActionMask = 2147483647;
			files = (
				CD7B6E1517294E3C003982A5 /* InfoPlist.strings in Resources */,
				CD7B6E1D17294E3C003982A5 /* Default.png in Resources */,
				CD7B6E1F17294E3C003982A5 /* Default@2x.png in Resources */,
				CD7B6E2117294E3C003982A5 /* Default-568h@2x.png in Resources */,
				CD7B6E2717294E3C003982A5 /* ViewController_iPhone.xib in Resources */,
				CD7B6E2A17294E3C003982A5 /* ViewController_iPad.xib in Resources */,
				CD7B6E32172968DE003982A5 /* File in Resources */,
				CD7B6E3417296920003982A5 /* Car.html in Resources */,
			);
			runOnlyForDeploymentPostprocessing = 0;
		};
/* End PBXResourcesBuildPhase section */

/* Begin PBXSourcesBuildPhase section */
		CD7B6E0317294E3C003982A5 /* Sources */ = {
			isa = PBXSourcesBuildPhase;
			buildActionMask = 2147483647;
			files = (
				CD7B6E1717294E3C003982A5 /* main.m in Sources */,
				CD7B6E1B17294E3C003982A5 /* AppDelegate.m in Sources */,
				CD7B6E2417294E3C003982A5 /* ViewController.m in Sources */,
			);
			runOnlyForDeploymentPostprocessing = 0;
		};
/* End PBXSourcesBuildPhase section */

/* Begin PBXVariantGroup section */
		CD7B6E1317294E3C003982A5 /* InfoPlist.strings */ = {
			isa = PBXVariantGroup;
			children = (
				CD7B6E1417294E3C003982A5 /* en */,
			);
			name = InfoPlist.strings;
			sourceTree = "<group>";
		};
		CD7B6E2517294E3C003982A5 /* ViewController_iPhone.xib */ = {
			isa = PBXVariantGroup;
			children = (
				CD7B6E2617294E3C003982A5 /* en */,
			);
			name = ViewController_iPhone.xib;
			sourceTree = "<group>";
		};
		CD7B6E2817294E3C003982A5 /* ViewController_iPad.xib */ = {
			isa = PBXVariantGroup;
			children = (
				CD7B6E2917294E3C003982A5 /* en */,
			);
			name = ViewController_iPad.xib;
			sourceTree = "<group>";
		};
/* End PBXVariantGroup section */

/* Begin XCBuildConfiguration section */
		CD7B6E2B17294E3C003982A5 /* Debug */ = {
			isa = XCBuildConfiguration;
			buildSettings = {
				ALWAYS_SEARCH_USER_PATHS = NO;
				CLANG_CXX_LANGUAGE_STANDARD = "gnu++0x";
				CLANG_CXX_LIBRARY = "libc++";
				CLANG_ENABLE_OBJC_ARC = YES;
				CLANG_WARN_CONSTANT_CONVERSION = YES;
				CLANG_WARN_EMPTY_BODY = YES;
				CLANG_WARN_ENUM_CONVERSION = YES;
				CLANG_WARN_INT_CONVERSION = YES;
				CLANG_WARN__DUPLICATE_METHOD_MATCH = YES;
				"CODE_SIGN_IDENTITY[sdk=iphoneos*]" = "iPhone Developer";
				COPY_PHASE_STRIP = NO;
				GCC_C_LANGUAGE_STANDARD = gnu99;
				GCC_DYNAMIC_NO_PIC = NO;
				GCC_OPTIMIZATION_LEVEL = 0;
				GCC_PREPROCESSOR_DEFINITIONS = (
					"DEBUG=1",
					"$(inherited)",
				);
				GCC_SYMBOLS_PRIVATE_EXTERN = NO;
				GCC_WARN_ABOUT_RETURN_TYPE = YES;
				GCC_WARN_UNINITIALIZED_AUTOS = YES;
				GCC_WARN_UNUSED_VARIABLE = YES;
				IPHONEOS_DEPLOYMENT_TARGET = 6.1;
				ONLY_ACTIVE_ARCH = YES;
				SDKROOT = iphoneos;
				TARGETED_DEVICE_FAMILY = "1,2";
			};
			name = Debug;
		};
		CD7B6E2C17294E3C003982A5 /* Release */ = {
			isa = XCBuildConfiguration;
			buildSettings = {
				ALWAYS_SEARCH_USER_PATHS = NO;
				CLANG_CXX_LANGUAGE_STANDARD = "gnu++0x";
				CLANG_CXX_LIBRARY = "libc++";
				CLANG_ENABLE_OBJC_ARC = YES;
				CLANG_WARN_CONSTANT_CONVERSION = YES;
				CLANG_WARN_EMPTY_BODY = YES;
				CLANG_WARN_ENUM_CONVERSION = YES;
				CLANG_WARN_INT_CONVERSION = YES;
				CLANG_WARN__DUPLICATE_METHOD_MATCH = YES;
				"CODE_SIGN_IDENTITY[sdk=iphoneos*]" = "iPhone Developer";
				COPY_PHASE_STRIP = YES;
				GCC_C_LANGUAGE_STANDARD = gnu99;
				GCC_WARN_ABOUT_RETURN_TYPE = YES;
				GCC_WARN_UNINITIALIZED_AUTOS = YES;
				GCC_WARN_UNUSED_VARIABLE = YES;
				IPHONEOS_DEPLOYMENT_TARGET = 6.1;
				OTHER_CFLAGS = "-DNS_BLOCK_ASSERTIONS=1";
				SDKROOT = iphoneos;
				TARGETED_DEVICE_FAMILY = "1,2";
				VALIDATE_PRODUCT = YES;
			};
			name = Release;
		};
		CD7B6E2E17294E3C003982A5 /* Debug */ = {
			isa = XCBuildConfiguration;
			buildSettings = {
				GCC_PRECOMPILE_PREFIX_HEADER = YES;
				GCC_PREFIX_HEADER = "DemoUiViewController/DemoUiViewController-Prefix.pch";
				INFOPLIST_FILE = "DemoUiViewController/DemoUiViewController-Info.plist";
				PRODUCT_NAME = "$(TARGET_NAME)";
				WRAPPER_EXTENSION = app;
			};
			name = Debug;
		};
		CD7B6E2F17294E3C003982A5 /* Release */ = {
			isa = XCBuildConfiguration;
			buildSettings = {
				GCC_PRECOMPILE_PREFIX_HEADER = YES;
				GCC_PREFIX_HEADER = "DemoUiViewController/DemoUiViewController-Prefix.pch";
				INFOPLIST_FILE = "DemoUiViewController/DemoUiViewController-Info.plist";
				PRODUCT_NAME = "$(TARGET_NAME)";
				WRAPPER_EXTENSION = app;
			};
			name = Release;
		};
/* End XCBuildConfiguration section */

/* Begin XCConfigurationList section */
		CD7B6E0217294E3C003982A5 /* Build configuration list for PBXProject "DemoUiViewController" */ = {
			isa = XCConfigurationList;
			buildConfigurations = (
				CD7B6E2B17294E3C003982A5 /* Debug */,
				CD7B6E2C17294E3C003982A5 /* Release */,
			);
			defaultConfigurationIsVisible = 0;
			defaultConfigurationName = Release;
		};
		CD7B6E2D17294E3C003982A5 /* Build configuration list for PBXNativeTarget "DemoUiViewController" */ = {
			isa = XCConfigurationList;
			buildConfigurations = (
				CD7B6E2E17294E3C003982A5 /* Debug */,
				CD7B6E2F17294E3C003982A5 /* Release */,
			);
			defaultConfigurationIsVisible = 0;
			defaultConfigurationName = Release;
		};
/* End XCConfigurationList section */
	};
	rootObject = CD7B6DFF17294E3C003982A5 /* Project object */;
}
