// !$*UTF8*$!
{
	archiveVersion = 1;
	classes = {
	};
	objectVersion = 46;
	objects = {

/* Begin PBXBuildFile section */
		CDF197F51722556200B80506 /* UIKit.framework in Frameworks */ = {isa = PBXBuildFile; fileRef = CDF197F41722556200B80506 /* UIKit.framework */; };
		CDF197F71722556200B80506 /* Foundation.framework in Frameworks */ = {isa = PBXBuildFile; fileRef = CDF197F61722556200B80506 /* Foundation.framework */; };
		CDF197F91722556200B80506 /* CoreGraphics.framework in Frameworks */ = {isa = PBXBuildFile; fileRef = CDF197F81722556200B80506 /* CoreGraphics.framework */; };
		CDF197FF1722556200B80506 /* InfoPlist.strings in Resources */ = {isa = PBXBuildFile; fileRef = CDF197FD1722556200B80506 /* InfoPlist.strings */; };
		CDF198011722556200B80506 /* main.m in Sources */ = {isa = PBXBuildFile; fileRef = CDF198001722556200B80506 /* main.m */; };
		CDF198051722556200B80506 /* AppDelegate.m in Sources */ = {isa = PBXBuildFile; fileRef = CDF198041722556200B80506 /* AppDelegate.m */; };
		CDF198071722556200B80506 /* Default.png in Resources */ = {isa = PBXBuildFile; fileRef = CDF198061722556200B80506 /* Default.png */; };
		CDF198091722556200B80506 /* Default@2x.png in Resources */ = {isa = PBXBuildFile; fileRef = CDF198081722556200B80506 /* Default@2x.png */; };
		CDF1980B1722556200B80506 /* Default-568h@2x.png in Resources */ = {isa = PBXBuildFile; fileRef = CDF1980A1722556200B80506 /* Default-568h@2x.png */; };
		CDF1980E1722556200B80506 /* ViewController.m in Sources */ = {isa = PBXBuildFile; fileRef = CDF1980D1722556200B80506 /* ViewController.m */; };
		CDF198111722556200B80506 /* ViewController_iPhone.xib in Resources */ = {isa = PBXBuildFile; fileRef = CDF1980F1722556200B80506 /* ViewController_iPhone.xib */; };
		CDF198141722556200B80506 /* ViewController_iPad.xib in Resources */ = {isa = PBXBuildFile; fileRef = CDF198121722556200B80506 /* ViewController_iPad.xib */; };
		CDF2CAB21722873100FE9FE2 /* 4.png in Resources */ = {isa = PBXBuildFile; fileRef = CDF2CAB11722873100FE9FE2 /* 4.png */; };
		CDF2CAB41722873500FE9FE2 /* 1.png in Resources */ = {isa = PBXBuildFile; fileRef = CDF2CAB31722873500FE9FE2 /* 1.png */; };
		CDF2CAB61722873800FE9FE2 /* 2.png in Resources */ = {isa = PBXBuildFile; fileRef = CDF2CAB51722873800FE9FE2 /* 2.png */; };
		CDF2CAB81722873B00FE9FE2 /* 3.png in Resources */ = {isa = PBXBuildFile; fileRef = CDF2CAB71722873B00FE9FE2 /* 3.png */; };
/* End PBXBuildFile section */

/* Begin PBXFileReference section */
		CDF197F11722556200B80506 /* Demo1.app */ = {isa = PBXFileReference; explicitFileType = wrapper.application; includeInIndex = 0; path = Demo1.app; sourceTree = BUILT_PRODUCTS_DIR; };
		CDF197F41722556200B80506 /* UIKit.framework */ = {isa = PBXFileReference; lastKnownFileType = wrapper.framework; name = UIKit.framework; path = System/Library/Frameworks/UIKit.framework; sourceTree = SDKROOT; };
		CDF197F61722556200B80506 /* Foundation.framework */ = {isa = PBXFileReference; lastKnownFileType = wrapper.framework; name = Foundation.framework; path = System/Library/Frameworks/Foundation.framework; sourceTree = SDKROOT; };
		CDF197F81722556200B80506 /* CoreGraphics.framework */ = {isa = PBXFileReference; lastKnownFileType = wrapper.framework; name = CoreGraphics.framework; path = System/Library/Frameworks/CoreGraphics.framework; sourceTree = SDKROOT; };
		CDF197FC1722556200B80506 /* Demo1-Info.plist */ = {isa = PBXFileReference; lastKnownFileType = text.plist.xml; path = "Demo1-Info.plist"; sourceTree = "<group>"; };
		CDF197FE1722556200B80506 /* en */ = {isa = PBXFileReference; lastKnownFileType = text.plist.strings; name = en; path = en.lproj/InfoPlist.strings; sourceTree = "<group>"; };
		CDF198001722556200B80506 /* main.m */ = {isa = PBXFileReference; lastKnownFileType = sourcecode.c.objc; path = main.m; sourceTree = "<group>"; };
		CDF198021722556200B80506 /* Demo1-Prefix.pch */ = {isa = PBXFileReference; lastKnownFileType = sourcecode.c.h; path = "Demo1-Prefix.pch"; sourceTree = "<group>"; };
		CDF198031722556200B80506 /* AppDelegate.h */ = {isa = PBXFileReference; lastKnownFileType = sourcecode.c.h; path = AppDelegate.h; sourceTree = "<group>"; };
		CDF198041722556200B80506 /* AppDelegate.m */ = {isa = PBXFileReference; lastKnownFileType = sourcecode.c.objc; path = AppDelegate.m; sourceTree = "<group>"; };
		CDF198061722556200B80506 /* Default.png */ = {isa = PBXFileReference; lastKnownFileType = image.png; path = Default.png; sourceTree = "<group>"; };
		CDF198081722556200B80506 /* Default@2x.png */ = {isa = PBXFileReference; lastKnownFileType = image.png; path = "Default@2x.png"; sourceTree = "<group>"; };
		CDF1980A1722556200B80506 /* Default-568h@2x.png */ = {isa = PBXFileReference; lastKnownFileType = image.png; path = "Default-568h@2x.png"; sourceTree = "<group>"; };
		CDF1980C1722556200B80506 /* ViewController.h */ = {isa = PBXFileReference; lastKnownFileType = sourcecode.c.h; path = ViewController.h; sourceTree = "<group>"; };
		CDF1980D1722556200B80506 /* ViewController.m */ = {isa = PBXFileReference; lastKnownFileType = sourcecode.c.objc; path = ViewController.m; sourceTree = "<group>"; };
		CDF198101722556200B80506 /* en */ = {isa = PBXFileReference; lastKnownFileType = file.xib; name = en; path = en.lproj/ViewController_iPhone.xib; sourceTree = "<group>"; };
		CDF198131722556200B80506 /* en */ = {isa = PBXFileReference; lastKnownFileType = file.xib; name = en; path = en.lproj/ViewController_iPad.xib; sourceTree = "<group>"; };
		CDF2CAB11722873100FE9FE2 /* 4.png */ = {isa = PBXFileReference; lastKnownFileType = image.png; path = 4.png; sourceTree = "<group>"; };
		CDF2CAB31722873500FE9FE2 /* 1.png */ = {isa = PBXFileReference; lastKnownFileType = image.png; path = 1.png; sourceTree = "<group>"; };
		CDF2CAB51722873800FE9FE2 /* 2.png */ = {isa = PBXFileReference; lastKnownFileType = image.png; path = 2.png; sourceTree = "<group>"; };
		CDF2CAB71722873B00FE9FE2 /* 3.png */ = {isa = PBXFileReference; lastKnownFileType = image.png; path = 3.png; sourceTree = "<group>"; };
/* End PBXFileReference section */

/* Begin PBXFrameworksBuildPhase section */
		CDF197EE1722556200B80506 /* Frameworks */ = {
			isa = PBXFrameworksBuildPhase;
			buildActionMask = 2147483647;
			files = (
				CDF197F51722556200B80506 /* UIKit.framework in Frameworks */,
				CDF197F71722556200B80506 /* Foundation.framework in Frameworks */,
				CDF197F91722556200B80506 /* CoreGraphics.framework in Frameworks */,
			);
			runOnlyForDeploymentPostprocessing = 0;
		};
/* End PBXFrameworksBuildPhase section */

/* Begin PBXGroup section */
		CDF197E81722556200B80506 = {
			isa = PBXGroup;
			children = (
				CDF197FA1722556200B80506 /* Demo1 */,
				CDF197F31722556200B80506 /* Frameworks */,
				CDF197F21722556200B80506 /* Products */,
			);
			sourceTree = "<group>";
		};
		CDF197F21722556200B80506 /* Products */ = {
			isa = PBXGroup;
			children = (
				CDF197F11722556200B80506 /* Demo1.app */,
			);
			name = Products;
			sourceTree = "<group>";
		};
		CDF197F31722556200B80506 /* Frameworks */ = {
			isa = PBXGroup;
			children = (
				CDF197F41722556200B80506 /* UIKit.framework */,
				CDF197F61722556200B80506 /* Foundation.framework */,
				CDF197F81722556200B80506 /* CoreGraphics.framework */,
			);
			name = Frameworks;
			sourceTree = "<group>";
		};
		CDF197FA1722556200B80506 /* Demo1 */ = {
			isa = PBXGroup;
			children = (
				CDF198031722556200B80506 /* AppDelegate.h */,
				CDF198041722556200B80506 /* AppDelegate.m */,
				CDF1980C1722556200B80506 /* ViewController.h */,
				CDF1980D1722556200B80506 /* ViewController.m */,
				CDF1980F1722556200B80506 /* ViewController_iPhone.xib */,
				CDF198121722556200B80506 /* ViewController_iPad.xib */,
				CDF2CAB01722872500FE9FE2 /* source */,
				CDF197FB1722556200B80506 /* Supporting Files */,
			);
			path = Demo1;
			sourceTree = "<group>";
		};
		CDF197FB1722556200B80506 /* Supporting Files */ = {
			isa = PBXGroup;
			children = (
				CDF197FC1722556200B80506 /* Demo1-Info.plist */,
				CDF197FD1722556200B80506 /* InfoPlist.strings */,
				CDF198001722556200B80506 /* main.m */,
				CDF198021722556200B80506 /* Demo1-Prefix.pch */,
				CDF198061722556200B80506 /* Default.png */,
				CDF198081722556200B80506 /* Default@2x.png */,
				CDF1980A1722556200B80506 /* Default-568h@2x.png */,
			);
			name = "Supporting Files";
			sourceTree = "<group>";
		};
		CDF2CAB01722872500FE9FE2 /* source */ = {
			isa = PBXGroup;
			children = (
				CDF2CAB71722873B00FE9FE2 /* 3.png */,
				CDF2CAB51722873800FE9FE2 /* 2.png */,
				CDF2CAB31722873500FE9FE2 /* 1.png */,
				CDF2CAB11722873100FE9FE2 /* 4.png */,
			);
			name = source;
			sourceTree = "<group>";
		};
/* End PBXGroup section */

/* Begin PBXNativeTarget section */
		CDF197F01722556200B80506 /* Demo1 */ = {
			isa = PBXNativeTarget;
			buildConfigurationList = CDF198171722556200B80506 /* Build configuration list for PBXNativeTarget "Demo1" */;
			buildPhases = (
				CDF197ED1722556200B80506 /* Sources */,
				CDF197EE1722556200B80506 /* Frameworks */,
				CDF197EF1722556200B80506 /* Resources */,
			);
			buildRules = (
			);
			dependencies = (
			);
			name = Demo1;
			productName = Demo1;
			productReference = CDF197F11722556200B80506 /* Demo1.app */;
			productType = "com.apple.product-type.application";
		};
/* End PBXNativeTarget section */

/* Begin PBXProject section */
		CDF197E91722556200B80506 /* Project object */ = {
			isa = PBXProject;
			attributes = {
				LastUpgradeCheck = 0460;
				ORGANIZATIONNAME = ios12;
			};
			buildConfigurationList = CDF197EC1722556200B80506 /* Build configuration list for PBXProject "Demo1" */;
			compatibilityVersion = "Xcode 3.2";
			developmentRegion = English;
			hasScannedForEncodings = 0;
			knownRegions = (
				en,
			);
			mainGroup = CDF197E81722556200B80506;
			productRefGroup = CDF197F21722556200B80506 /* Products */;
			projectDirPath = "";
			projectRoot = "";
			targets = (
				CDF197F01722556200B80506 /* Demo1 */,
			);
		};
/* End PBXProject section */

/* Begin PBXResourcesBuildPhase section */
		CDF197EF1722556200B80506 /* Resources */ = {
			isa = PBXResourcesBuildPhase;
			buildActionMask = 2147483647;
			files = (
				CDF197FF1722556200B80506 /* InfoPlist.strings in Resources */,
				CDF198071722556200B80506 /* Default.png in Resources */,
				CDF198091722556200B80506 /* Default@2x.png in Resources */,
				CDF1980B1722556200B80506 /* Default-568h@2x.png in Resources */,
				CDF198111722556200B80506 /* ViewController_iPhone.xib in Resources */,
				CDF198141722556200B80506 /* ViewController_iPad.xib in Resources */,
				CDF2CAB21722873100FE9FE2 /* 4.png in Resources */,
				CDF2CAB41722873500FE9FE2 /* 1.png in Resources */,
				CDF2CAB61722873800FE9FE2 /* 2.png in Resources */,
				CDF2CAB81722873B00FE9FE2 /* 3.png in Resources */,
			);
			runOnlyForDeploymentPostprocessing = 0;
		};
/* End PBXResourcesBuildPhase section */

/* Begin PBXSourcesBuildPhase section */
		CDF197ED1722556200B80506 /* Sources */ = {
			isa = PBXSourcesBuildPhase;
			buildActionMask = 2147483647;
			files = (
				CDF198011722556200B80506 /* main.m in Sources */,
				CDF198051722556200B80506 /* AppDelegate.m in Sources */,
				CDF1980E1722556200B80506 /* ViewController.m in Sources */,
			);
			runOnlyForDeploymentPostprocessing = 0;
		};
/* End PBXSourcesBuildPhase section */

/* Begin PBXVariantGroup section */
		CDF197FD1722556200B80506 /* InfoPlist.strings */ = {
			isa = PBXVariantGroup;
			children = (
				CDF197FE1722556200B80506 /* en */,
			);
			name = InfoPlist.strings;
			sourceTree = "<group>";
		};
		CDF1980F1722556200B80506 /* ViewController_iPhone.xib */ = {
			isa = PBXVariantGroup;
			children = (
				CDF198101722556200B80506 /* en */,
			);
			name = ViewController_iPhone.xib;
			sourceTree = "<group>";
		};
		CDF198121722556200B80506 /* ViewController_iPad.xib */ = {
			isa = PBXVariantGroup;
			children = (
				CDF198131722556200B80506 /* en */,
			);
			name = ViewController_iPad.xib;
			sourceTree = "<group>";
		};
/* End PBXVariantGroup section */

/* Begin XCBuildConfiguration section */
		CDF198151722556200B80506 /* Debug */ = {
			isa = XCBuildConfiguration;
			buildSettings = {
				ALWAYS_SEARCH_USER_PATHS = NO;
				CLANG_CXX_LANGUAGE_STANDARD = "gnu++0x";
				CLANG_CXX_LIBRARY = "libc++";
				CLANG_ENABLE_OBJC_ARC = YES;
				CLANG_WARN_CONSTANT_CONVERSION = YES;
				CLANG_WARN_EMPTY_BODY = YES;
				CLANG_WARN_ENUM_CONVERSION = YES;
				CLANG_WARN_INT_CONVERSION = YES;
				CLANG_WARN__DUPLICATE_METHOD_MATCH = YES;
				"CODE_SIGN_IDENTITY[sdk=iphoneos*]" = "iPhone Developer";
				COPY_PHASE_STRIP = NO;
				GCC_C_LANGUAGE_STANDARD = gnu99;
				GCC_DYNAMIC_NO_PIC = NO;
				GCC_OPTIMIZATION_LEVEL = 0;
				GCC_PREPROCESSOR_DEFINITIONS = (
					"DEBUG=1",
					"$(inherited)",
				);
				GCC_SYMBOLS_PRIVATE_EXTERN = NO;
				GCC_WARN_ABOUT_RETURN_TYPE = YES;
				GCC_WARN_UNINITIALIZED_AUTOS = YES;
				GCC_WARN_UNUSED_VARIABLE = YES;
				IPHONEOS_DEPLOYMENT_TARGET = 6.1;
				ONLY_ACTIVE_ARCH = YES;
				SDKROOT = iphoneos;
				TARGETED_DEVICE_FAMILY = "1,2";
			};
			name = Debug;
		};
		CDF198161722556200B80506 /* Release */ = {
			isa = XCBuildConfiguration;
			buildSettings = {
				ALWAYS_SEARCH_USER_PATHS = NO;
				CLANG_CXX_LANGUAGE_STANDARD = "gnu++0x";
				CLANG_CXX_LIBRARY = "libc++";
				CLANG_ENABLE_OBJC_ARC = YES;
				CLANG_WARN_CONSTANT_CONVERSION = YES;
				CLANG_WARN_EMPTY_BODY = YES;
				CLANG_WARN_ENUM_CONVERSION = YES;
				CLANG_WARN_INT_CONVERSION = YES;
				CLANG_WARN__DUPLICATE_METHOD_MATCH = YES;
				"CODE_SIGN_IDENTITY[sdk=iphoneos*]" = "iPhone Developer";
				COPY_PHASE_STRIP = YES;
				GCC_C_LANGUAGE_STANDARD = gnu99;
				GCC_WARN_ABOUT_RETURN_TYPE = YES;
				GCC_WARN_UNINITIALIZED_AUTOS = YES;
				GCC_WARN_UNUSED_VARIABLE = YES;
				IPHONEOS_DEPLOYMENT_TARGET = 6.1;
				OTHER_CFLAGS = "-DNS_BLOCK_ASSERTIONS=1";
				SDKROOT = iphoneos;
				TARGETED_DEVICE_FAMILY = "1,2";
				VALIDATE_PRODUCT = YES;
			};
			name = Release;
		};
		CDF198181722556200B80506 /* Debug */ = {
			isa = XCBuildConfiguration;
			buildSettings = {
				GCC_PRECOMPILE_PREFIX_HEADER = YES;
				GCC_PREFIX_HEADER = "Demo1/Demo1-Prefix.pch";
				INFOPLIST_FILE = "Demo1/Demo1-Info.plist";
				PRODUCT_NAME = "$(TARGET_NAME)";
				WRAPPER_EXTENSION = app;
			};
			name = Debug;
		};
		CDF198191722556200B80506 /* Release */ = {
			isa = XCBuildConfiguration;
			buildSettings = {
				GCC_PRECOMPILE_PREFIX_HEADER = YES;
				GCC_PREFIX_HEADER = "Demo1/Demo1-Prefix.pch";
				INFOPLIST_FILE = "Demo1/Demo1-Info.plist";
				PRODUCT_NAME = "$(TARGET_NAME)";
				WRAPPER_EXTENSION = app;
			};
			name = Release;
		};
/* End XCBuildConfiguration section */

/* Begin XCConfigurationList section */
		CDF197EC1722556200B80506 /* Build configuration list for PBXProject "Demo1" */ = {
			isa = XCConfigurationList;
			buildConfigurations = (
				CDF198151722556200B80506 /* Debug */,
				CDF198161722556200B80506 /* Release */,
			);
			defaultConfigurationIsVisible = 0;
			defaultConfigurationName = Release;
		};
		CDF198171722556200B80506 /* Build configuration list for PBXNativeTarget "Demo1" */ = {
			isa = XCConfigurationList;
			buildConfigurations = (
				CDF198181722556200B80506 /* Debug */,
				CDF198191722556200B80506 /* Release */,
			);
			defaultConfigurationIsVisible = 0;
			defaultConfigurationName = Release;
		};
/* End XCConfigurationList section */
	};
	rootObject = CDF197E91722556200B80506 /* Project object */;
}
